# THIS IS AN AUTOGENERATED FILE. DO NOT EDIT THIS FILE DIRECTLY.
# yarn lockfile v1


"@rbxts/compiler-types@^2.1.0-types.1":
  version "2.1.0-types.1"
  resolved "https://registry.yarnpkg.com/@rbxts/compiler-types/-/compiler-types-2.1.0-types.1.tgz#60eb32109fc2299826fd5d1e8f4e7cfc08d9a5ae"
  integrity sha512-+ztwutzuNivWsgsERiC7n5il4C5gfJUuGJUmXYRq8FwY4ye3aupRi9RocmyAHq6255sO7z+RM61AVbqx3llsLQ==

"@rbxts/types@^1.0.688":
  version "1.0.688"
  resolved "https://registry.yarnpkg.com/@rbxts/types/-/types-1.0.688.tgz#f62a493e8ec17704e0d58c831c4ac172921c0244"
  integrity sha512-9d1QtsJjOsNYoBSLLs79Z1/hQ3e2himFXWzzKat5n4VhrhUnDFCbqJ2N3Hwph3Tt4t2TyPzfIX0fYPTfXqdQzA==
